<Solution>
  <Project Path="Unity.Timeline.csproj" />
  <Project Path="Unity.Timeline.Editor.csproj" />
  <Project Path="UnityEngine.UI.csproj" />
  <Project Path="Unity.InputSystem.csproj" />
  <Project Path="Unity.XR.Management.csproj" />
  <Project Path="Unity.XR.OpenVR.Editor.csproj" />
  <Project Path="Unity.XR.CoreUtils.Editor.csproj" />
  <Project Path="Unity.Animation.Rigging.Editor.csproj" />
  <Project Path="UnityEditor.UI.csproj" />
  <Project Path="Unity.Toolchain.Linux-x86_64-Linux.csproj" />
  <Project Path="Unity.Mathematics.csproj" />
  <Project Path="Assembly-CSharp.csproj" />
  <Project Path="Unity.Multiplayer.Center.Editor.csproj" />
  <Project Path="SteamVR.csproj" />
  <Project Path="UnityEngine.TestRunner.csproj" />
  <Project Path="UnityEditor.TestRunner.csproj" />
  <Project Path="SteamVR_Editor.csproj" />
  <Project Path="SteamVR_Input_Editor.csproj" />
  <Project Path="Unity.XR.CoreUtils.csproj" />
  <Project Path="Unity.Burst.csproj" />
  <Project Path="Unity.XR.Management.Editor.csproj" />
  <Project Path="Unity.Animation.Rigging.csproj" />
  <Project Path="Unity.VisualStudio.Editor.csproj" />
  <Project Path="Unity.TextMeshPro.Editor.csproj" />
  <Project Path="Unity.InternalAPIEngineBridge.004.csproj" />
  <Project Path="UnityEditor.XR.LegacyInputHelpers.csproj" />
  <Project Path="Unity.Burst.CodeGen.csproj" />
  <Project Path="Unity.TextMeshPro.csproj" />
  <Project Path="Unity.InputSystem.TestFramework.csproj" />
  <Project Path="Unity.Burst.Editor.csproj" />
  <Project Path="Unity.2D.Sprite.Editor.csproj" />
  <Project Path="Unity.2D.Sprite.AIIntegration.Editor.csproj" />
  <Project Path="UnityEditor.SpatialTracking.csproj" />
  <Project Path="Unity.SysrootPackage.Editor.csproj" />
  <Project Path="Assembly-CSharp-firstpass.csproj" />
  <Project Path="Unity.InputSystem.DocCodeSamples.csproj" />
  <Project Path="SimpleFileBrowser.Runtime.csproj" />
  <Project Path="Unity.XR.OpenVR.csproj" />
  <Project Path="Unity.Multiplayer.Center.Common.csproj" />
  <Project Path="UnityEngine.SpatialTracking.csproj" />
  <Project Path="Unity.InputSystem.ForUI.csproj" />
  <Project Path="Unity.VectorGraphics.csproj" />
  <Project Path="Unity.Mathematics.Editor.csproj" />
  <Project Path="Unity.VectorGraphics.Editor.csproj" />
  <Project Path="SteamVR_Actions.csproj" />
  <Project Path="Unity.Animation.Rigging.DocCodeExamples.csproj" />
  <Project Path="SteamVR_Windows_EditorHelper.csproj" />
  <Project Path="UnityEngine.XR.LegacyInputHelpers.csproj" />
  <Project Path="Unity.InternalAPIEditorBridge.003.csproj" />
  <Project Path="Unity.Sysroot.Linux_x86_64.csproj" />
</Solution>
